
Microsoft Visual Studio Solution File, Format Version 12.00
# Visual Studio 2013
VisualStudioVersion = 12.0.30501.0
MinimumVisualStudioVersion = 10.0.40219.1
Project("{FAE04EC0-301F-11D3-BF4B-00C04F79EFBC}") = "MvcExtensions", "MvcExtensions\MvcExtensions.csproj", "{A9BD0E4E-F2A5-43A4-ADC0-4D379EFC0E40}"
EndProject
Project("{FAE04EC0-301F-11D3-BF4B-00C04F79EFBC}") = "MvcExtensions.Test", "MvcExtensions.Test\MvcExtensions.Test.csproj", "{020DBF26-1CE1-4FA1-AB39-FA2CFB32AADF}"
EndProject
Global
	GlobalSection(SolutionConfigurationPlatforms) = preSolution
		Debug|Any CPU = Debug|Any CPU
		Release|Any CPU = Release|Any CPU
	EndGlobalSection
	GlobalSection(ProjectConfigurationPlatforms) = postSolution
		{A9BD0E4E-F2A5-43A4-ADC0-4D379EFC0E40}.Debug|Any CPU.ActiveCfg = Debug|Any CPU
		{A9BD0E4E-F2A5-43A4-ADC0-4D379EFC0E40}.Debug|Any CPU.Build.0 = Debug|Any CPU
		{A9BD0E4E-F2A5-43A4-ADC0-4D379EFC0E40}.Release|Any CPU.ActiveCfg = Release|Any CPU
		{A9BD0E4E-F2A5-43A4-ADC0-4D379EFC0E40}.Release|Any CPU.Build.0 = Release|Any CPU
		{020DBF26-1CE1-4FA1-AB39-FA2CFB32AADF}.Debug|Any CPU.ActiveCfg = Debug|Any CPU
		{020DBF26-1CE1-4FA1-AB39-FA2CFB32AADF}.Debug|Any CPU.Build.0 = Debug|Any CPU
		{020DBF26-1CE1-4FA1-AB39-FA2CFB32AADF}.Release|Any CPU.ActiveCfg = Release|Any CPU
		{020DBF26-1CE1-4FA1-AB39-FA2CFB32AADF}.Release|Any CPU.Build.0 = Release|Any CPU
	EndGlobalSection
	GlobalSection(SolutionProperties) = preSolution
		HideSolutionNode = FALSE
	EndGlobalSection
EndGlobal
